// !$*UTF8*$!
{
	archiveVersion = 1;
	classes = {
	};
	objectVersion = 55;
	objects = {

/* Begin PBXBuildFile section */
		1960114326EB2E9F006F26BF /* rectractive.swift in Sources */ = {isa = PBXBuildFile; fileRef = 1960114226EB2E9F006F26BF /* rectractive.swift */; };
		1960114526EB336A006F26BF /* CardItem.swift in Sources */ = {isa = PBXBuildFile; fileRef = 1960114426EB336A006F26BF /* CardItem.swift */; };
		1960114726EB36CD006F26BF /* DetailView.swift in Sources */ = {isa = PBXBuildFile; fileRef = 1960114626EB36CD006F26BF /* DetailView.swift */; };
		19831A6F26DEC22F0000D71F /* ProjectApp.swift in Sources */ = {isa = PBXBuildFile; fileRef = 19831A6126DEC2280000D71F /* ProjectApp.swift */; };
		19831A7026DEC22F0000D71F /* ProjectApp.swift in Sources */ = {isa = PBXBuildFile; fileRef = 19831A6126DEC2280000D71F /* ProjectApp.swift */; };
		19831A7326DEC22F0000D71F /* Assets.xcassets in Resources */ = {isa = PBXBuildFile; fileRef = 19831A6326DEC22F0000D71F /* Assets.xcassets */; };
		19831A7426DEC22F0000D71F /* Assets.xcassets in Resources */ = {isa = PBXBuildFile; fileRef = 19831A6326DEC22F0000D71F /* Assets.xcassets */; };
		19831A8826DEC6BE0000D71F /* landmarkData.json in Resources */ = {isa = PBXBuildFile; fileRef = 19831A8726DEC6BE0000D71F /* landmarkData.json */; };
		19831A8B26DEC6CF0000D71F /* ModelData.swift in Sources */ = {isa = PBXBuildFile; fileRef = 19831A8926DEC6CF0000D71F /* ModelData.swift */; };
		19831A8C26DEC6CF0000D71F /* Landmark.swift in Sources */ = {isa = PBXBuildFile; fileRef = 19831A8A26DEC6CF0000D71F /* Landmark.swift */; };
		19831A8E26DEC7340000D71F /* ContentView.swift in Sources */ = {isa = PBXBuildFile; fileRef = 19831A8D26DEC7340000D71F /* ContentView.swift */; };
		19831A9426DEC7600000D71F /* CategoryItem.swift in Sources */ = {isa = PBXBuildFile; fileRef = 19831A9026DEC7600000D71F /* CategoryItem.swift */; };
		19831A9526DEC7600000D71F /* CategoryRow.swift in Sources */ = {isa = PBXBuildFile; fileRef = 19831A9126DEC7600000D71F /* CategoryRow.swift */; };
		19831A9626DEC7600000D71F /* Footer.swift in Sources */ = {isa = PBXBuildFile; fileRef = 19831A9226DEC7600000D71F /* Footer.swift */; };
		19831A9726DEC7600000D71F /* CategoryHome.swift in Sources */ = {isa = PBXBuildFile; fileRef = 19831A9326DEC7600000D71F /* CategoryHome.swift */; };
		19831A9E26DEC7D90000D71F /* FavoriteButton.swift in Sources */ = {isa = PBXBuildFile; fileRef = 19831A9B26DEC7D90000D71F /* FavoriteButton.swift */; };
		19831A9F26DEC7D90000D71F /* MapView.swift in Sources */ = {isa = PBXBuildFile; fileRef = 19831A9C26DEC7D90000D71F /* MapView.swift */; };
		19831AA026DEC7D90000D71F /* CircleImage.swift in Sources */ = {isa = PBXBuildFile; fileRef = 19831A9D26DEC7D90000D71F /* CircleImage.swift */; };
		19831AA526DEC8160000D71F /* LandmarkList.swift in Sources */ = {isa = PBXBuildFile; fileRef = 19831AA226DEC8160000D71F /* LandmarkList.swift */; };
		19831AA626DEC8160000D71F /* LandmarkRow.swift in Sources */ = {isa = PBXBuildFile; fileRef = 19831AA326DEC8160000D71F /* LandmarkRow.swift */; };
		19831AA726DEC8160000D71F /* LandmarkDetail.swift in Sources */ = {isa = PBXBuildFile; fileRef = 19831AA426DEC8160000D71F /* LandmarkDetail.swift */; };
		19831AAC26DECA570000D71F /* LogoView.swift in Sources */ = {isa = PBXBuildFile; fileRef = 19831AA926DECA570000D71F /* LogoView.swift */; };
		19831AAD26DECA570000D71F /* NavigationConfigurator.swift in Sources */ = {isa = PBXBuildFile; fileRef = 19831AAA26DECA570000D71F /* NavigationConfigurator.swift */; };
		19831AAE26DECA570000D71F /* NavigationBarView.swift in Sources */ = {isa = PBXBuildFile; fileRef = 19831AAB26DECA570000D71F /* NavigationBarView.swift */; };
		19831AB026DF467A0000D71F /* File.swift in Sources */ = {isa = PBXBuildFile; fileRef = 19831AAF26DF467A0000D71F /* File.swift */; };
		198A721126E462E0009395CD /* id.json in Resources */ = {isa = PBXBuildFile; fileRef = 198A721026E462E0009395CD /* id.json */; };
		19E55C7F26E0183500FA0930 /* LaunchScreen.storyboard in Resources */ = {isa = PBXBuildFile; fileRef = 19E55C7E26E0183500FA0930 /* LaunchScreen.storyboard */; };
		19E55C8126E018D800FA0930 /* beneficios.mp4 in Resources */ = {isa = PBXBuildFile; fileRef = 19E55C8026E018D800FA0930 /* beneficios.mp4 */; };
		19E55C8326E018E600FA0930 /* Video.swift in Sources */ = {isa = PBXBuildFile; fileRef = 19E55C8226E018E600FA0930 /* Video.swift */; };
		19E55C8626E019F500FA0930 /* benefit.swift in Sources */ = {isa = PBXBuildFile; fileRef = 19E55C8526E019F500FA0930 /* benefit.swift */; };
		19E55C8C26E0664600FA0930 /* detailbenefit.swift in Sources */ = {isa = PBXBuildFile; fileRef = 19E55C8B26E0664600FA0930 /* detailbenefit.swift */; };
/* End PBXBuildFile section */

/* Begin PBXFileReference section */
		1960114226EB2E9F006F26BF /* rectractive.swift */ = {isa = PBXFileReference; lastKnownFileType = sourcecode.swift; path = rectractive.swift; sourceTree = "<group>"; };
		1960114426EB336A006F26BF /* CardItem.swift */ = {isa = PBXFileReference; lastKnownFileType = sourcecode.swift; path = CardItem.swift; sourceTree = "<group>"; };
		1960114626EB36CD006F26BF /* DetailView.swift */ = {isa = PBXFileReference; lastKnownFileType = sourcecode.swift; path = DetailView.swift; sourceTree = "<group>"; };
		19831A6126DEC2280000D71F /* ProjectApp.swift */ = {isa = PBXFileReference; lastKnownFileType = sourcecode.swift; path = ProjectApp.swift; sourceTree = "<group>"; };
		19831A6326DEC22F0000D71F /* Assets.xcassets */ = {isa = PBXFileReference; lastKnownFileType = folder.assetcatalog; path = Assets.xcassets; sourceTree = "<group>"; };
		19831A6826DEC22F0000D71F /* Project.app */ = {isa = PBXFileReference; explicitFileType = wrapper.application; includeInIndex = 0; path = Project.app; sourceTree = BUILT_PRODUCTS_DIR; };
		19831A6E26DEC22F0000D71F /* Project.app */ = {isa = PBXFileReference; explicitFileType = wrapper.application; includeInIndex = 0; path = Project.app; sourceTree = BUILT_PRODUCTS_DIR; };
		19831A8726DEC6BE0000D71F /* landmarkData.json */ = {isa = PBXFileReference; fileEncoding = 4; lastKnownFileType = text.json; path = landmarkData.json; sourceTree = "<group>"; };
		19831A8926DEC6CF0000D71F /* ModelData.swift */ = {isa = PBXFileReference; fileEncoding = 4; lastKnownFileType = sourcecode.swift; path = ModelData.swift; sourceTree = "<group>"; };
		19831A8A26DEC6CF0000D71F /* Landmark.swift */ = {isa = PBXFileReference; fileEncoding = 4; lastKnownFileType = sourcecode.swift; path = Landmark.swift; sourceTree = "<group>"; };
		19831A8D26DEC7340000D71F /* ContentView.swift */ = {isa = PBXFileReference; fileEncoding = 4; lastKnownFileType = sourcecode.swift; path = ContentView.swift; sourceTree = "<group>"; };
		19831A9026DEC7600000D71F /* CategoryItem.swift */ = {isa = PBXFileReference; fileEncoding = 4; lastKnownFileType = sourcecode.swift; path = CategoryItem.swift; sourceTree = "<group>"; };
		19831A9126DEC7600000D71F /* CategoryRow.swift */ = {isa = PBXFileReference; fileEncoding = 4; lastKnownFileType = sourcecode.swift; path = CategoryRow.swift; sourceTree = "<group>"; };
		19831A9226DEC7600000D71F /* Footer.swift */ = {isa = PBXFileReference; fileEncoding = 4; lastKnownFileType = sourcecode.swift; path = Footer.swift; sourceTree = "<group>"; };
		19831A9326DEC7600000D71F /* CategoryHome.swift */ = {isa = PBXFileReference; fileEncoding = 4; lastKnownFileType = sourcecode.swift; path = CategoryHome.swift; sourceTree = "<group>"; };
		19831A9B26DEC7D90000D71F /* FavoriteButton.swift */ = {isa = PBXFileReference; fileEncoding = 4; lastKnownFileType = sourcecode.swift; path = FavoriteButton.swift; sourceTree = "<group>"; };
		19831A9C26DEC7D90000D71F /* MapView.swift */ = {isa = PBXFileReference; fileEncoding = 4; lastKnownFileType = sourcecode.swift; path = MapView.swift; sourceTree = "<group>"; };
		19831A9D26DEC7D90000D71F /* CircleImage.swift */ = {isa = PBXFileReference; fileEncoding = 4; lastKnownFileType = sourcecode.swift; path = CircleImage.swift; sourceTree = "<group>"; };
		19831AA226DEC8160000D71F /* LandmarkList.swift */ = {isa = PBXFileReference; fileEncoding = 4; lastKnownFileType = sourcecode.swift; path = LandmarkList.swift; sourceTree = "<group>"; };
		19831AA326DEC8160000D71F /* LandmarkRow.swift */ = {isa = PBXFileReference; fileEncoding = 4; lastKnownFileType = sourcecode.swift; path = LandmarkRow.swift; sourceTree = "<group>"; };
		19831AA426DEC8160000D71F /* LandmarkDetail.swift */ = {isa = PBXFileReference; fileEncoding = 4; lastKnownFileType = sourcecode.swift; path = LandmarkDetail.swift; sourceTree = "<group>"; };
		19831AA926DECA570000D71F /* LogoView.swift */ = {isa = PBXFileReference; fileEncoding = 4; lastKnownFileType = sourcecode.swift; path = LogoView.swift; sourceTree = "<group>"; };
		19831AAA26DECA570000D71F /* NavigationConfigurator.swift */ = {isa = PBXFileReference; fileEncoding = 4; lastKnownFileType = sourcecode.swift; path = NavigationConfigurator.swift; sourceTree = "<group>"; };
		19831AAB26DECA570000D71F /* NavigationBarView.swift */ = {isa = PBXFileReference; fileEncoding = 4; lastKnownFileType = sourcecode.swift; path = NavigationBarView.swift; sourceTree = "<group>"; };
		19831AAF26DF467A0000D71F /* File.swift */ = {isa = PBXFileReference; lastKnownFileType = sourcecode.swift; path = File.swift; sourceTree = "<group>"; };
		198A721026E462E0009395CD /* id.json */ = {isa = PBXFileReference; fileEncoding = 4; lastKnownFileType = text.json; path = id.json; sourceTree = "<group>"; };
		19E55C7E26E0183500FA0930 /* LaunchScreen.storyboard */ = {isa = PBXFileReference; fileEncoding = 4; lastKnownFileType = file.storyboard; path = LaunchScreen.storyboard; sourceTree = "<group>"; };
		19E55C8026E018D800FA0930 /* beneficios.mp4 */ = {isa = PBXFileReference; lastKnownFileType = file; path = beneficios.mp4; sourceTree = "<group>"; };
		19E55C8226E018E600FA0930 /* Video.swift */ = {isa = PBXFileReference; fileEncoding = 4; lastKnownFileType = sourcecode.swift; path = Video.swift; sourceTree = "<group>"; };
		19E55C8526E019F500FA0930 /* benefit.swift */ = {isa = PBXFileReference; lastKnownFileType = sourcecode.swift; path = benefit.swift; sourceTree = "<group>"; };
		19E55C8B26E0664600FA0930 /* detailbenefit.swift */ = {isa = PBXFileReference; lastKnownFileType = sourcecode.swift; path = detailbenefit.swift; sourceTree = "<group>"; };
/* End PBXFileReference section */

/* Begin PBXFrameworksBuildPhase section */
		19831A6526DEC22F0000D71F /* Frameworks */ = {
			isa = PBXFrameworksBuildPhase;
			buildActionMask = 2147483647;
			files = (
			);
			runOnlyForDeploymentPostprocessing = 0;
		};
		19831A6B26DEC22F0000D71F /* Frameworks */ = {
			isa = PBXFrameworksBuildPhase;
			buildActionMask = 2147483647;
			files = (
			);
			runOnlyForDeploymentPostprocessing = 0;
		};
/* End PBXFrameworksBuildPhase section */

/* Begin PBXGroup section */
		19443EDB26E013DC00FAA16E /* Benefit */ = {
			isa = PBXGroup;
			children = (
				19E55C8026E018D800FA0930 /* beneficios.mp4 */,
				19E55C8226E018E600FA0930 /* Video.swift */,
				19E55C8526E019F500FA0930 /* benefit.swift */,
				19E55C8B26E0664600FA0930 /* detailbenefit.swift */,
			);
			path = Benefit;
			sourceTree = "<group>";
		};
		19831A5B26DEC2270000D71F = {
			isa = PBXGroup;
			children = (
				199B03FC26E154A500A8D7A9 /* Rectrative */,
				19443EDB26E013DC00FAA16E /* Benefit */,
				19831AA826DECA1D0000D71F /* Navbar */,
				19831AA126DEC8010000D71F /* New Group */,
				19831A9A26DEC7CF0000D71F /* Helpers */,
				19831A8F26DEC74B0000D71F /* View */,
				19831A8426DEC6420000D71F /* Model */,
				19831A8026DEC26B0000D71F /* Tabbar */,
				19831A6026DEC2280000D71F /* Shared */,
				19831A6926DEC22F0000D71F /* Products */,
			);
			sourceTree = "<group>";
		};
		19831A6026DEC2280000D71F /* Shared */ = {
			isa = PBXGroup;
			children = (
				19E55C7E26E0183500FA0930 /* LaunchScreen.storyboard */,
				19831A8D26DEC7340000D71F /* ContentView.swift */,
				19831A6126DEC2280000D71F /* ProjectApp.swift */,
				19831A6326DEC22F0000D71F /* Assets.xcassets */,
			);
			path = Shared;
			sourceTree = "<group>";
		};
		19831A6926DEC22F0000D71F /* Products */ = {
			isa = PBXGroup;
			children = (
				19831A6826DEC22F0000D71F /* Project.app */,
				19831A6E26DEC22F0000D71F /* Project.app */,
			);
			name = Products;
			sourceTree = "<group>";
		};
		19831A8026DEC26B0000D71F /* Tabbar */ = {
			isa = PBXGroup;
			children = (
				19831AAF26DF467A0000D71F /* File.swift */,
			);
			path = Tabbar;
			sourceTree = "<group>";
		};
		19831A8426DEC6420000D71F /* Model */ = {
			isa = PBXGroup;
			children = (
				19831A8726DEC6BE0000D71F /* landmarkData.json */,
				198A721026E462E0009395CD /* id.json */,
				19831A8A26DEC6CF0000D71F /* Landmark.swift */,
				19831A8926DEC6CF0000D71F /* ModelData.swift */,
			);
			path = Model;
			sourceTree = "<group>";
		};
		19831A8F26DEC74B0000D71F /* View */ = {
			isa = PBXGroup;
			children = (
				19831A9326DEC7600000D71F /* CategoryHome.swift */,
				19831A9026DEC7600000D71F /* CategoryItem.swift */,
				19831A9126DEC7600000D71F /* CategoryRow.swift */,
				19831A9226DEC7600000D71F /* Footer.swift */,
			);
			path = View;
			sourceTree = "<group>";
		};
		19831A9A26DEC7CF0000D71F /* Helpers */ = {
			isa = PBXGroup;
			children = (
				19831A9D26DEC7D90000D71F /* CircleImage.swift */,
				19831A9B26DEC7D90000D71F /* FavoriteButton.swift */,
				19831A9C26DEC7D90000D71F /* MapView.swift */,
			);
			path = Helpers;
			sourceTree = "<group>";
		};
		19831AA126DEC8010000D71F /* New Group */ = {
			isa = PBXGroup;
			children = (
				19831AA426DEC8160000D71F /* LandmarkDetail.swift */,
				19831AA226DEC8160000D71F /* LandmarkList.swift */,
				19831AA326DEC8160000D71F /* LandmarkRow.swift */,
			);
			path = "New Group";
			sourceTree = "<group>";
		};
		19831AA826DECA1D0000D71F /* Navbar */ = {
			isa = PBXGroup;
			children = (
				19831AA926DECA570000D71F /* LogoView.swift */,
				19831AAB26DECA570000D71F /* NavigationBarView.swift */,
				19831AAA26DECA570000D71F /* NavigationConfigurator.swift */,
			);
			path = Navbar;
			sourceTree = "<group>";
		};
		199B03FC26E154A500A8D7A9 /* Rectrative */ = {
			isa = PBXGroup;
			children = (
				1960114226EB2E9F006F26BF /* rectractive.swift */,
				1960114426EB336A006F26BF /* CardItem.swift */,
				1960114626EB36CD006F26BF /* DetailView.swift */,
			);
			path = Rectrative;
			sourceTree = "<group>";
		};
/* End PBXGroup section */

/* Begin PBXNativeTarget section */
		19831A6726DEC22F0000D71F /* Project (iOS) */ = {
			isa = PBXNativeTarget;
			buildConfigurationList = 19831A7726DEC22F0000D71F /* Build configuration list for PBXNativeTarget "Project (iOS)" */;
			buildPhases = (
				19831A6426DEC22F0000D71F /* Sources */,
				19831A6526DEC22F0000D71F /* Frameworks */,
				19831A6626DEC22F0000D71F /* Resources */,
			);
			buildRules = (
			);
			dependencies = (
			);
			name = "Project (iOS)";
			productName = "Project (iOS)";
			productReference = 19831A6826DEC22F0000D71F /* Project.app */;
			productType = "com.apple.product-type.application";
		};
		19831A6D26DEC22F0000D71F /* Project (macOS) */ = {
			isa = PBXNativeTarget;
			buildConfigurationList = 19831A7A26DEC22F0000D71F /* Build configuration list for PBXNativeTarget "Project (macOS)" */;
			buildPhases = (
				19831A6A26DEC22F0000D71F /* Sources */,
				19831A6B26DEC22F0000D71F /* Frameworks */,
				19831A6C26DEC22F0000D71F /* Resources */,
			);
			buildRules = (
			);
			dependencies = (
			);
			name = "Project (macOS)";
			productName = "Project (macOS)";
			productReference = 19831A6E26DEC22F0000D71F /* Project.app */;
			productType = "com.apple.product-type.application";
		};
/* End PBXNativeTarget section */

/* Begin PBXProject section */
		19831A5C26DEC2270000D71F /* Project object */ = {
			isa = PBXProject;
			attributes = {
				BuildIndependentTargetsInParallel = 1;
				LastSwiftUpdateCheck = 1300;
				LastUpgradeCheck = 1300;
				TargetAttributes = {
					19831A6726DEC22F0000D71F = {
						CreatedOnToolsVersion = 13.0;
					};
					19831A6D26DEC22F0000D71F = {
						CreatedOnToolsVersion = 13.0;
					};
				};
			};
			buildConfigurationList = 19831A5F26DEC2270000D71F /* Build configuration list for PBXProject "Project" */;
			compatibilityVersion = "Xcode 13.0";
			developmentRegion = en;
			hasScannedForEncodings = 0;
			knownRegions = (
				en,
				Base,
			);
			mainGroup = 19831A5B26DEC2270000D71F;
			productRefGroup = 19831A6926DEC22F0000D71F /* Products */;
			projectDirPath = "";
			projectRoot = "";
			targets = (
				19831A6726DEC22F0000D71F /* Project (iOS) */,
				19831A6D26DEC22F0000D71F /* Project (macOS) */,
			);
		};
/* End PBXProject section */

/* Begin PBXResourcesBuildPhase section */
		19831A6626DEC22F0000D71F /* Resources */ = {
			isa = PBXResourcesBuildPhase;
			buildActionMask = 2147483647;
			files = (
				19E55C8126E018D800FA0930 /* beneficios.mp4 in Resources */,
				19E55C7F26E0183500FA0930 /* LaunchScreen.storyboard in Resources */,
				19831A7326DEC22F0000D71F /* Assets.xcassets in Resources */,
				19831A8826DEC6BE0000D71F /* landmarkData.json in Resources */,
				198A721126E462E0009395CD /* id.json in Resources */,
			);
			runOnlyForDeploymentPostprocessing = 0;
		};
		19831A6C26DEC22F0000D71F /* Resources */ = {
			isa = PBXResourcesBuildPhase;
			buildActionMask = 2147483647;
			files = (
				19831A7426DEC22F0000D71F /* Assets.xcassets in Resources */,
			);
			runOnlyForDeploymentPostprocessing = 0;
		};
/* End PBXResourcesBuildPhase section */

/* Begin PBXSourcesBuildPhase section */
		19831A6426DEC22F0000D71F /* Sources */ = {
			isa = PBXSourcesBuildPhase;
			buildActionMask = 2147483647;
			files = (
				19831AAC26DECA570000D71F /* LogoView.swift in Sources */,
				19831A9F26DEC7D90000D71F /* MapView.swift in Sources */,
				19831A8B26DEC6CF0000D71F /* ModelData.swift in Sources */,
				19831AA526DEC8160000D71F /* LandmarkList.swift in Sources */,
				19831AA026DEC7D90000D71F /* CircleImage.swift in Sources */,
				19831A9526DEC7600000D71F /* CategoryRow.swift in Sources */,
				19831A8E26DEC7340000D71F /* ContentView.swift in Sources */,
				19E55C8C26E0664600FA0930 /* detailbenefit.swift in Sources */,
				19831AB026DF467A0000D71F /* File.swift in Sources */,
				19831A9726DEC7600000D71F /* CategoryHome.swift in Sources */,
				19E55C8626E019F500FA0930 /* benefit.swift in Sources */,
				19831AA626DEC8160000D71F /* LandmarkRow.swift in Sources */,
				1960114526EB336A006F26BF /* CardItem.swift in Sources */,
				1960114726EB36CD006F26BF /* DetailView.swift in Sources */,
				19831A9426DEC7600000D71F /* CategoryItem.swift in Sources */,
				19831A6F26DEC22F0000D71F /* ProjectApp.swift in Sources */,
				19831AAE26DECA570000D71F /* NavigationBarView.swift in Sources */,
				19831AA726DEC8160000D71F /* LandmarkDetail.swift in Sources */,
				19831A9626DEC7600000D71F /* Footer.swift in Sources */,
				19E55C8326E018E600FA0930 /* Video.swift in Sources */,
				19831A9E26DEC7D90000D71F /* FavoriteButton.swift in Sources */,
				19831AAD26DECA570000D71F /* NavigationConfigurator.swift in Sources */,
				1960114326EB2E9F006F26BF /* rectractive.swift in Sources */,
				19831A8C26DEC6CF0000D71F /* Landmark.swift in Sources */,
			);
			runOnlyForDeploymentPostprocessing = 0;
		};
		19831A6A26DEC22F0000D71F /* Sources */ = {
			isa = PBXSourcesBuildPhase;
			buildActionMask = 2147483647;
			files = (
				19831A7026DEC22F0000D71F /* ProjectApp.swift in Sources */,
			);
			runOnlyForDeploymentPostprocessing = 0;
		};
/* End PBXSourcesBuildPhase section */

/* Begin XCBuildConfiguration section */
		19831A7526DEC22F0000D71F /* Debug */ = {
			isa = XCBuildConfiguration;
			buildSettings = {
				ALWAYS_SEARCH_USER_PATHS = NO;
				CLANG_ANALYZER_NONNULL = YES;
				CLANG_ANALYZER_NUMBER_OBJECT_CONVERSION = YES_AGGRESSIVE;
				CLANG_CXX_LANGUAGE_STANDARD = "gnu++17";
				CLANG_CXX_LIBRARY = "libc++";
				CLANG_ENABLE_MODULES = YES;
				CLANG_ENABLE_OBJC_ARC = YES;
				CLANG_ENABLE_OBJC_WEAK = YES;
				CLANG_WARN_BLOCK_CAPTURE_AUTORELEASING = YES;
				CLANG_WARN_BOOL_CONVERSION = YES;
				CLANG_WARN_COMMA = YES;
				CLANG_WARN_CONSTANT_CONVERSION = YES;
				CLANG_WARN_DEPRECATED_OBJC_IMPLEMENTATIONS = YES;
				CLANG_WARN_DIRECT_OBJC_ISA_USAGE = YES_ERROR;
				CLANG_WARN_DOCUMENTATION_COMMENTS = YES;
				CLANG_WARN_EMPTY_BODY = YES;
				CLANG_WARN_ENUM_CONVERSION = YES;
				CLANG_WARN_INFINITE_RECURSION = YES;
				CLANG_WARN_INT_CONVERSION = YES;
				CLANG_WARN_NON_LITERAL_NULL_CONVERSION = YES;
				CLANG_WARN_OBJC_IMPLICIT_RETAIN_SELF = YES;
				CLANG_WARN_OBJC_LITERAL_CONVERSION = YES;
				CLANG_WARN_OBJC_ROOT_CLASS = YES_ERROR;
				CLANG_WARN_QUOTED_INCLUDE_IN_FRAMEWORK_HEADER = YES;
				CLANG_WARN_RANGE_LOOP_ANALYSIS = YES;
				CLANG_WARN_STRICT_PROTOTYPES = YES;
				CLANG_WARN_SUSPICIOUS_MOVE = YES;
				CLANG_WARN_UNGUARDED_AVAILABILITY = YES_AGGRESSIVE;
				CLANG_WARN_UNREACHABLE_CODE = YES;
				CLANG_WARN__DUPLICATE_METHOD_MATCH = YES;
				COPY_PHASE_STRIP = NO;
				DEBUG_INFORMATION_FORMAT = dwarf;
				ENABLE_STRICT_OBJC_MSGSEND = YES;
				ENABLE_TESTABILITY = YES;
				GCC_C_LANGUAGE_STANDARD = gnu11;
				GCC_DYNAMIC_NO_PIC = NO;
				GCC_NO_COMMON_BLOCKS = YES;
				GCC_OPTIMIZATION_LEVEL = 0;
				GCC_PREPROCESSOR_DEFINITIONS = (
					"DEBUG=1",
					"$(inherited)",
				);
				GCC_WARN_64_TO_32_BIT_CONVERSION = YES;
				GCC_WARN_ABOUT_RETURN_TYPE = YES_ERROR;
				GCC_WARN_UNDECLARED_SELECTOR = YES;
				GCC_WARN_UNINITIALIZED_AUTOS = YES_AGGRESSIVE;
				GCC_WARN_UNUSED_FUNCTION = YES;
				GCC_WARN_UNUSED_VARIABLE = YES;
				MTL_ENABLE_DEBUG_INFO = INCLUDE_SOURCE;
				MTL_FAST_MATH = YES;
				ONLY_ACTIVE_ARCH = YES;
				SWIFT_ACTIVE_COMPILATION_CONDITIONS = DEBUG;
				SWIFT_OPTIMIZATION_LEVEL = "-Onone";
			};
			name = Debug;
		};
		19831A7626DEC22F0000D71F /* Release */ = {
			isa = XCBuildConfiguration;
			buildSettings = {
				ALWAYS_SEARCH_USER_PATHS = NO;
				CLANG_ANALYZER_NONNULL = YES;
				CLANG_ANALYZER_NUMBER_OBJECT_CONVERSION = YES_AGGRESSIVE;
				CLANG_CXX_LANGUAGE_STANDARD = "gnu++17";
				CLANG_CXX_LIBRARY = "libc++";
				CLANG_ENABLE_MODULES = YES;
				CLANG_ENABLE_OBJC_ARC = YES;
				CLANG_ENABLE_OBJC_WEAK = YES;
				CLANG_WARN_BLOCK_CAPTURE_AUTORELEASING = YES;
				CLANG_WARN_BOOL_CONVERSION = YES;
				CLANG_WARN_COMMA = YES;
				CLANG_WARN_CONSTANT_CONVERSION = YES;
				CLANG_WARN_DEPRECATED_OBJC_IMPLEMENTATIONS = YES;
				CLANG_WARN_DIRECT_OBJC_ISA_USAGE = YES_ERROR;
				CLANG_WARN_DOCUMENTATION_COMMENTS = YES;
				CLANG_WARN_EMPTY_BODY = YES;
				CLANG_WARN_ENUM_CONVERSION = YES;
				CLANG_WARN_INFINITE_RECURSION = YES;
				CLANG_WARN_INT_CONVERSION = YES;
				CLANG_WARN_NON_LITERAL_NULL_CONVERSION = YES;
				CLANG_WARN_OBJC_IMPLICIT_RETAIN_SELF = YES;
				CLANG_WARN_OBJC_LITERAL_CONVERSION = YES;
				CLANG_WARN_OBJC_ROOT_CLASS = YES_ERROR;
				CLANG_WARN_QUOTED_INCLUDE_IN_FRAMEWORK_HEADER = YES;
				CLANG_WARN_RANGE_LOOP_ANALYSIS = YES;
				CLANG_WARN_STRICT_PROTOTYPES = YES;
				CLANG_WARN_SUSPICIOUS_MOVE = YES;
				CLANG_WARN_UNGUARDED_AVAILABILITY = YES_AGGRESSIVE;
				CLANG_WARN_UNREACHABLE_CODE = YES;
				CLANG_WARN__DUPLICATE_METHOD_MATCH = YES;
				COPY_PHASE_STRIP = NO;
				DEBUG_INFORMATION_FORMAT = "dwarf-with-dsym";
				ENABLE_NS_ASSERTIONS = NO;
				ENABLE_STRICT_OBJC_MSGSEND = YES;
				GCC_C_LANGUAGE_STANDARD = gnu11;
				GCC_NO_COMMON_BLOCKS = YES;
				GCC_WARN_64_TO_32_BIT_CONVERSION = YES;
				GCC_WARN_ABOUT_RETURN_TYPE = YES_ERROR;
				GCC_WARN_UNDECLARED_SELECTOR = YES;
				GCC_WARN_UNINITIALIZED_AUTOS = YES_AGGRESSIVE;
				GCC_WARN_UNUSED_FUNCTION = YES;
				GCC_WARN_UNUSED_VARIABLE = YES;
				MTL_ENABLE_DEBUG_INFO = NO;
				MTL_FAST_MATH = YES;
				SWIFT_COMPILATION_MODE = wholemodule;
				SWIFT_OPTIMIZATION_LEVEL = "-O";
			};
			name = Release;
		};
		19831A7826DEC22F0000D71F /* Debug */ = {
			isa = XCBuildConfiguration;
			buildSettings = {
				ASSETCATALOG_COMPILER_APPICON_NAME = AppIcon;
				ASSETCATALOG_COMPILER_GLOBAL_ACCENT_COLOR_NAME = AccentColor;
				CODE_SIGN_STYLE = Automatic;
				CURRENT_PROJECT_VERSION = 1;
				ENABLE_PREVIEWS = YES;
				GENERATE_INFOPLIST_FILE = YES;
				INFOPLIST_KEY_UIApplicationSceneManifest_Generation = YES;
				INFOPLIST_KEY_UIApplicationSupportsIndirectInputEvents = YES;
				INFOPLIST_KEY_UILaunchScreen_Generation = YES;
				INFOPLIST_KEY_UISupportedInterfaceOrientations_iPad = "UIInterfaceOrientationPortrait UIInterfaceOrientationPortraitUpsideDown UIInterfaceOrientationLandscapeLeft UIInterfaceOrientationLandscapeRight";
				INFOPLIST_KEY_UISupportedInterfaceOrientations_iPhone = "UIInterfaceOrientationPortrait UIInterfaceOrientationLandscapeLeft UIInterfaceOrientationLandscapeRight";
				IPHONEOS_DEPLOYMENT_TARGET = 14.0;
				LD_RUNPATH_SEARCH_PATHS = (
					"$(inherited)",
					"@executable_path/Frameworks",
				);
				MARKETING_VERSION = 1.0;
				PRODUCT_BUNDLE_IDENTIFIER = luchonic.Project;
				PRODUCT_NAME = Project;
				SDKROOT = iphoneos;
				SWIFT_EMIT_LOC_STRINGS = YES;
				SWIFT_VERSION = 5.0;
				TARGETED_DEVICE_FAMILY = "1,2";
			};
			name = Debug;
		};
		19831A7926DEC22F0000D71F /* Release */ = {
			isa = XCBuildConfiguration;
			buildSettings = {
				ASSETCATALOG_COMPILER_APPICON_NAME = AppIcon;
				ASSETCATALOG_COMPILER_GLOBAL_ACCENT_COLOR_NAME = AccentColor;
				CODE_SIGN_STYLE = Automatic;
				CURRENT_PROJECT_VERSION = 1;
				ENABLE_PREVIEWS = YES;
				GENERATE_INFOPLIST_FILE = YES;
				INFOPLIST_KEY_UIApplicationSceneManifest_Generation = YES;
				INFOPLIST_KEY_UIApplicationSupportsIndirectInputEvents = YES;
				INFOPLIST_KEY_UILaunchScreen_Generation = YES;
				INFOPLIST_KEY_UISupportedInterfaceOrientations_iPad = "UIInterfaceOrientationPortrait UIInterfaceOrientationPortraitUpsideDown UIInterfaceOrientationLandscapeLeft UIInterfaceOrientationLandscapeRight";
				INFOPLIST_KEY_UISupportedInterfaceOrientations_iPhone = "UIInterfaceOrientationPortrait UIInterfaceOrientationLandscapeLeft UIInterfaceOrientationLandscapeRight";
				IPHONEOS_DEPLOYMENT_TARGET = 14.0;
				LD_RUNPATH_SEARCH_PATHS = (
					"$(inherited)",
					"@executable_path/Frameworks",
				);
				MARKETING_VERSION = 1.0;
				PRODUCT_BUNDLE_IDENTIFIER = luchonic.Project;
				PRODUCT_NAME = Project;
				SDKROOT = iphoneos;
				SWIFT_EMIT_LOC_STRINGS = YES;
				SWIFT_VERSION = 5.0;
				TARGETED_DEVICE_FAMILY = "1,2";
				VALIDATE_PRODUCT = YES;
			};
			name = Release;
		};
		19831A7B26DEC22F0000D71F /* Debug */ = {
			isa = XCBuildConfiguration;
			buildSettings = {
				ASSETCATALOG_COMPILER_APPICON_NAME = AppIcon;
				ASSETCATALOG_COMPILER_GLOBAL_ACCENT_COLOR_NAME = AccentColor;
				CODE_SIGN_STYLE = Automatic;
				COMBINE_HIDPI_IMAGES = YES;
				CURRENT_PROJECT_VERSION = 1;
				ENABLE_APP_SANDBOX = YES;
				ENABLE_PREVIEWS = YES;
				ENABLE_USER_SELECTED_FILES = readonly;
				GENERATE_INFOPLIST_FILE = YES;
				INFOPLIST_KEY_NSHumanReadableCopyright = "";
				LD_RUNPATH_SEARCH_PATHS = (
					"$(inherited)",
					"@executable_path/../Frameworks",
				);
				MACOSX_DEPLOYMENT_TARGET = 11.0;
				MARKETING_VERSION = 1.0;
				PRODUCT_BUNDLE_IDENTIFIER = luchonic.Project;
				PRODUCT_NAME = Project;
				SDKROOT = macosx;
				SWIFT_EMIT_LOC_STRINGS = YES;
				SWIFT_VERSION = 5.0;
			};
			name = Debug;
		};
		19831A7C26DEC22F0000D71F /* Release */ = {
			isa = XCBuildConfiguration;
			buildSettings = {
				ASSETCATALOG_COMPILER_APPICON_NAME = AppIcon;
				ASSETCATALOG_COMPILER_GLOBAL_ACCENT_COLOR_NAME = AccentColor;
				CODE_SIGN_STYLE = Automatic;
				COMBINE_HIDPI_IMAGES = YES;
				CURRENT_PROJECT_VERSION = 1;
				ENABLE_APP_SANDBOX = YES;
				ENABLE_PREVIEWS = YES;
				ENABLE_USER_SELECTED_FILES = readonly;
				GENERATE_INFOPLIST_FILE = YES;
				INFOPLIST_KEY_NSHumanReadableCopyright = "";
				LD_RUNPATH_SEARCH_PATHS = (
					"$(inherited)",
					"@executable_path/../Frameworks",
				);
				MACOSX_DEPLOYMENT_TARGET = 11.0;
				MARKETING_VERSION = 1.0;
				PRODUCT_BUNDLE_IDENTIFIER = luchonic.Project;
				PRODUCT_NAME = Project;
				SDKROOT = macosx;
				SWIFT_EMIT_LOC_STRINGS = YES;
				SWIFT_VERSION = 5.0;
			};
			name = Release;
		};
/* End XCBuildConfiguration section */

/* Begin XCConfigurationList section */
		19831A5F26DEC2270000D71F /* Build configuration list for PBXProject "Project" */ = {
			isa = XCConfigurationList;
			buildConfigurations = (
				19831A7526DEC22F0000D71F /* Debug */,
				19831A7626DEC22F0000D71F /* Release */,
			);
			defaultConfigurationIsVisible = 0;
			defaultConfigurationName = Release;
		};
		19831A7726DEC22F0000D71F /* Build configuration list for PBXNativeTarget "Project (iOS)" */ = {
			isa = XCConfigurationList;
			buildConfigurations = (
				19831A7826DEC22F0000D71F /* Debug */,
				19831A7926DEC22F0000D71F /* Release */,
			);
			defaultConfigurationIsVisible = 0;
			defaultConfigurationName = Release;
		};
		19831A7A26DEC22F0000D71F /* Build configuration list for PBXNativeTarget "Project (macOS)" */ = {
			isa = XCConfigurationList;
			buildConfigurations = (
				19831A7B26DEC22F0000D71F /* Debug */,
				19831A7C26DEC22F0000D71F /* Release */,
			);
			defaultConfigurationIsVisible = 0;
			defaultConfigurationName = Release;
		};
/* End XCConfigurationList section */
	};
	rootObject = 19831A5C26DEC2270000D71F /* Project object */;
}
